{
<<<<<<< HEAD
  "name": "appcode",
=======
  "name": "code",
>>>>>>> 181ad8745e40788e93ddc79eebef1c143c7973a7
  "version": "1.0.0",
  "lockfileVersion": 2,
  "requires": true,
  "packages": {
    "": {
<<<<<<< HEAD
      "name": "appcode",
=======
      "name": "code",
>>>>>>> 181ad8745e40788e93ddc79eebef1c143c7973a7
      "version": "1.0.0",
      "license": "ISC",
      "dependencies": {
        "lin-ui": "^0.9.8"
      }
    },
    "node_modules/lin-ui": {
      "version": "0.9.8",
      "resolved": "https://registry.npmjs.org/lin-ui/-/lin-ui-0.9.8.tgz",
      "integrity": "sha512-Csls0I6d+1djeiti/R2A6/2y+wyGR7dvovevhzRLPIZSrHByV3isuFyKKwWo3g0iLkVeiraRv/qzLSGw1481JQ=="
    }
  },
  "dependencies": {
    "lin-ui": {
      "version": "0.9.8",
      "resolved": "https://registry.npmjs.org/lin-ui/-/lin-ui-0.9.8.tgz",
      "integrity": "sha512-Csls0I6d+1djeiti/R2A6/2y+wyGR7dvovevhzRLPIZSrHByV3isuFyKKwWo3g0iLkVeiraRv/qzLSGw1481JQ=="
    }
  }
}
